
Microsoft Visual Studio Solution File, Format Version 12.00
# Visual Studio Version 17
VisualStudioVersion = 17.5.002.0
MinimumVisualStudioVersion = 10.0.40219.1
Project("{9A19103F-16F7-4668-BE54-9A1E7A4F7556}") = "assemEmulator", "assemEmulator.csproj", "{D2711A81-4473-4D28-8E82-7010E1414AA3}"
EndProject
Global
	GlobalSection(SolutionConfigurationPlatforms) = preSolution
		Debug|Any CPU = Debug|Any CPU
		Release|Any CPU = Release|Any CPU
	EndGlobalSection
	GlobalSection(ProjectConfigurationPlatforms) = postSolution
		{D2711A81-4473-4D28-8E82-7010E1414AA3}.Debug|Any CPU.ActiveCfg = Debug|Any CPU
		{D2711A81-4473-4D28-8E82-7010E1414AA3}.Debug|Any CPU.Build.0 = Debug|Any CPU
		{D2711A81-4473-4D28-8E82-7010E1414AA3}.Release|Any CPU.ActiveCfg = Release|Any CPU
		{D2711A81-4473-4D28-8E82-7010E1414AA3}.Release|Any CPU.Build.0 = Release|Any CPU
	EndGlobalSection
	GlobalSection(SolutionProperties) = preSolution
		HideSolutionNode = FALSE
	EndGlobalSection
	GlobalSection(ExtensibilityGlobals) = postSolution
		SolutionGuid = {538E95A5-EC94-44B9-9253-661FC5315C2C}
	EndGlobalSection
EndGlobal
